
Microsoft Visual Studio Solution File, Format Version 12.00
# Visual Studio Version 17
VisualStudioVersion = 17.12.35506.116
MinimumVisualStudioVersion = 10.0.40219.1
Project("{FAE04EC0-301F-11D3-BF4B-00C04F79EFBC}") = "TouchChanNext", "TouchChanNext\TouchChanNext\TouchChanNext.csproj", "{C1875B3D-F99A-48EB-B8F8-BA862F246011}"
EndProject
Project("{2150E333-8FDC-42A3-9474-1A3956D46DE8}") = "解决方案项", "解决方案项", "{0AE677C0-EFDB-40A2-BFEF-976FC39B4A30}"
	ProjectSection(SolutionItems) = preProject
		README.txt = README.txt
	EndProjectSection
EndProject
Project("{FAE04EC0-301F-11D3-BF4B-00C04F79EFBC}") = "TouchChan", "TouchChan\TouchChan.csproj", "{5AEAE161-6248-49BB-AD0F-4C04A55F7D29}"
EndProject
Project("{FAE04EC0-301F-11D3-BF4B-00C04F79EFBC}") = "TouchChan.Ava", "TouchChan.Ava\TouchChan.Ava.csproj", "{BE78A160-8506-4683-A23A-BA24C41FE775}"
EndProject
Global
	GlobalSection(SolutionConfigurationPlatforms) = preSolution
		Debug|ARM64 = Debug|ARM64
		Debug|x64 = Debug|x64
		Debug|x86 = Debug|x86
		Release|ARM64 = Release|ARM64
		Release|x64 = Release|x64
		Release|x86 = Release|x86
	EndGlobalSection
	GlobalSection(ProjectConfigurationPlatforms) = postSolution
		{C1875B3D-F99A-48EB-B8F8-BA862F246011}.Debug|ARM64.ActiveCfg = Debug|ARM64
		{C1875B3D-F99A-48EB-B8F8-BA862F246011}.Debug|ARM64.Build.0 = Debug|ARM64
		{C1875B3D-F99A-48EB-B8F8-BA862F246011}.Debug|x64.ActiveCfg = Debug|x64
		{C1875B3D-F99A-48EB-B8F8-BA862F246011}.Debug|x64.Build.0 = Debug|x64
		{C1875B3D-F99A-48EB-B8F8-BA862F246011}.Debug|x86.ActiveCfg = Debug|x86
		{C1875B3D-F99A-48EB-B8F8-BA862F246011}.Debug|x86.Build.0 = Debug|x86
		{C1875B3D-F99A-48EB-B8F8-BA862F246011}.Release|ARM64.ActiveCfg = Release|ARM64
		{C1875B3D-F99A-48EB-B8F8-BA862F246011}.Release|ARM64.Build.0 = Release|ARM64
		{C1875B3D-F99A-48EB-B8F8-BA862F246011}.Release|x64.ActiveCfg = Release|x64
		{C1875B3D-F99A-48EB-B8F8-BA862F246011}.Release|x64.Build.0 = Release|x64
		{C1875B3D-F99A-48EB-B8F8-BA862F246011}.Release|x86.ActiveCfg = Release|x86
		{C1875B3D-F99A-48EB-B8F8-BA862F246011}.Release|x86.Build.0 = Release|x86
		{5AEAE161-6248-49BB-AD0F-4C04A55F7D29}.Debug|ARM64.ActiveCfg = Debug|Any CPU
		{5AEAE161-6248-49BB-AD0F-4C04A55F7D29}.Debug|ARM64.Build.0 = Debug|Any CPU
		{5AEAE161-6248-49BB-AD0F-4C04A55F7D29}.Debug|x64.ActiveCfg = Debug|Any CPU
		{5AEAE161-6248-49BB-AD0F-4C04A55F7D29}.Debug|x64.Build.0 = Debug|Any CPU
		{5AEAE161-6248-49BB-AD0F-4C04A55F7D29}.Debug|x86.ActiveCfg = Debug|Any CPU
		{5AEAE161-6248-49BB-AD0F-4C04A55F7D29}.Debug|x86.Build.0 = Debug|Any CPU
		{5AEAE161-6248-49BB-AD0F-4C04A55F7D29}.Release|ARM64.ActiveCfg = Release|Any CPU
		{5AEAE161-6248-49BB-AD0F-4C04A55F7D29}.Release|ARM64.Build.0 = Release|Any CPU
		{5AEAE161-6248-49BB-AD0F-4C04A55F7D29}.Release|x64.ActiveCfg = Release|Any CPU
		{5AEAE161-6248-49BB-AD0F-4C04A55F7D29}.Release|x64.Build.0 = Release|Any CPU
		{5AEAE161-6248-49BB-AD0F-4C04A55F7D29}.Release|x86.ActiveCfg = Release|Any CPU
		{5AEAE161-6248-49BB-AD0F-4C04A55F7D29}.Release|x86.Build.0 = Release|Any CPU
		{BE78A160-8506-4683-A23A-BA24C41FE775}.Debug|ARM64.ActiveCfg = Debug|Any CPU
		{BE78A160-8506-4683-A23A-BA24C41FE775}.Debug|ARM64.Build.0 = Debug|Any CPU
		{BE78A160-8506-4683-A23A-BA24C41FE775}.Debug|x64.ActiveCfg = Debug|Any CPU
		{BE78A160-8506-4683-A23A-BA24C41FE775}.Debug|x64.Build.0 = Debug|Any CPU
		{BE78A160-8506-4683-A23A-BA24C41FE775}.Debug|x86.ActiveCfg = Debug|Any CPU
		{BE78A160-8506-4683-A23A-BA24C41FE775}.Debug|x86.Build.0 = Debug|Any CPU
		{BE78A160-8506-4683-A23A-BA24C41FE775}.Release|ARM64.ActiveCfg = Release|Any CPU
		{BE78A160-8506-4683-A23A-BA24C41FE775}.Release|ARM64.Build.0 = Release|Any CPU
		{BE78A160-8506-4683-A23A-BA24C41FE775}.Release|x64.ActiveCfg = Release|Any CPU
		{BE78A160-8506-4683-A23A-BA24C41FE775}.Release|x64.Build.0 = Release|Any CPU
		{BE78A160-8506-4683-A23A-BA24C41FE775}.Release|x86.ActiveCfg = Release|Any CPU
		{BE78A160-8506-4683-A23A-BA24C41FE775}.Release|x86.Build.0 = Release|Any CPU
	EndGlobalSection
	GlobalSection(SolutionProperties) = preSolution
		HideSolutionNode = FALSE
	EndGlobalSection
EndGlobal
